
Microsoft Visual Studio Solution File, Format Version 12.00
# Visual Studio Version 17
VisualStudioVersion = 17.11.35327.3
MinimumVisualStudioVersion = 10.0.40219.1
Project("{9A19103F-16F7-4668-BE54-9A1E7A4F7556}") = "GalaxyAuction", "GalaxyAuction\GalaxyAuction.csproj", "{F610C04A-B497-476C-83E6-77D34F0E1DCD}"
EndProject
Project("{FAE04EC0-301F-11D3-BF4B-00C04F79EFBC}") = "GalaxyAuction_Data_Access", "GalaxyAuction_Data_Access\GalaxyAuction_Data_Access.csproj", "{641A1012-4DC6-469E-9DBE-A20926054197}"
EndProject
Project("{FAE04EC0-301F-11D3-BF4B-00C04F79EFBC}") = "GalaxyAuction_Business", "GalaxyAuction_Business\GalaxyAuction_Business.csproj", "{746B0204-9725-4A0E-8687-4323ED0E9312}"
EndProject
Project("{FAE04EC0-301F-11D3-BF4B-00C04F79EFBC}") = "GalaxyAuction_Core", "GalaxyAuction_Core\GalaxyAuction_Core.csproj", "{BEE435C2-7E15-48C4-8158-48652B683FE9}"
EndProject
Global
	GlobalSection(SolutionConfigurationPlatforms) = preSolution
		Debug|Any CPU = Debug|Any CPU
		Release|Any CPU = Release|Any CPU
	EndGlobalSection
	GlobalSection(ProjectConfigurationPlatforms) = postSolution
		{F610C04A-B497-476C-83E6-77D34F0E1DCD}.Debug|Any CPU.ActiveCfg = Debug|Any CPU
		{F610C04A-B497-476C-83E6-77D34F0E1DCD}.Debug|Any CPU.Build.0 = Debug|Any CPU
		{F610C04A-B497-476C-83E6-77D34F0E1DCD}.Release|Any CPU.ActiveCfg = Release|Any CPU
		{F610C04A-B497-476C-83E6-77D34F0E1DCD}.Release|Any CPU.Build.0 = Release|Any CPU
		{641A1012-4DC6-469E-9DBE-A20926054197}.Debug|Any CPU.ActiveCfg = Debug|Any CPU
		{641A1012-4DC6-469E-9DBE-A20926054197}.Debug|Any CPU.Build.0 = Debug|Any CPU
		{641A1012-4DC6-469E-9DBE-A20926054197}.Release|Any CPU.ActiveCfg = Release|Any CPU
		{641A1012-4DC6-469E-9DBE-A20926054197}.Release|Any CPU.Build.0 = Release|Any CPU
		{746B0204-9725-4A0E-8687-4323ED0E9312}.Debug|Any CPU.ActiveCfg = Debug|Any CPU
		{746B0204-9725-4A0E-8687-4323ED0E9312}.Debug|Any CPU.Build.0 = Debug|Any CPU
		{746B0204-9725-4A0E-8687-4323ED0E9312}.Release|Any CPU.ActiveCfg = Release|Any CPU
		{746B0204-9725-4A0E-8687-4323ED0E9312}.Release|Any CPU.Build.0 = Release|Any CPU
		{BEE435C2-7E15-48C4-8158-48652B683FE9}.Debug|Any CPU.ActiveCfg = Debug|Any CPU
		{BEE435C2-7E15-48C4-8158-48652B683FE9}.Debug|Any CPU.Build.0 = Debug|Any CPU
		{BEE435C2-7E15-48C4-8158-48652B683FE9}.Release|Any CPU.ActiveCfg = Release|Any CPU
		{BEE435C2-7E15-48C4-8158-48652B683FE9}.Release|Any CPU.Build.0 = Release|Any CPU
	EndGlobalSection
	GlobalSection(SolutionProperties) = preSolution
		HideSolutionNode = FALSE
	EndGlobalSection
	GlobalSection(ExtensibilityGlobals) = postSolution
		SolutionGuid = {471E862A-8CF0-4DF2-8DF7-F1D5E054D6B0}
	EndGlobalSection
EndGlobal
